
Microsoft Visual Studio Solution File, Format Version 12.00
# Visual Studio Version 16
VisualStudioVersion = 16.0.29519.181
MinimumVisualStudioVersion = 10.0.40219.1
Project("{FAE04EC0-301F-11D3-BF4B-00C04F79EFBC}") = "Fininex", "Fininex.csproj", "{209E8A0F-09B0-435C-99DE-245BD233E803}"
EndProject
Project("{FAE04EC0-301F-11D3-BF4B-00C04F79EFBC}") = "DataLibrary", "..\DataLibrary\DataLibrary.csproj", "{386687C1-DA54-4957-B72C-5F0069BA9A44}"
EndProject
Project("{00D1A9C2-B5F0-4AF3-8072-F6C62B433612}") = "FininexDatabase", "..\FininexDatabase\FininexDatabase.sqlproj", "{059E3038-6B64-4BF9-BFC5-9BBD90D0129C}"
EndProject
Global
	GlobalSection(SolutionConfigurationPlatforms) = preSolution
		Debug|Any CPU = Debug|Any CPU
		Release|Any CPU = Release|Any CPU
	EndGlobalSection
	GlobalSection(ProjectConfigurationPlatforms) = postSolution
		{209E8A0F-09B0-435C-99DE-245BD233E803}.Debug|Any CPU.ActiveCfg = Debug|Any CPU
		{209E8A0F-09B0-435C-99DE-245BD233E803}.Debug|Any CPU.Build.0 = Debug|Any CPU
		{209E8A0F-09B0-435C-99DE-245BD233E803}.Release|Any CPU.ActiveCfg = Release|Any CPU
		{209E8A0F-09B0-435C-99DE-245BD233E803}.Release|Any CPU.Build.0 = Release|Any CPU
		{386687C1-DA54-4957-B72C-5F0069BA9A44}.Debug|Any CPU.ActiveCfg = Debug|Any CPU
		{386687C1-DA54-4957-B72C-5F0069BA9A44}.Debug|Any CPU.Build.0 = Debug|Any CPU
		{386687C1-DA54-4957-B72C-5F0069BA9A44}.Release|Any CPU.ActiveCfg = Release|Any CPU
		{386687C1-DA54-4957-B72C-5F0069BA9A44}.Release|Any CPU.Build.0 = Release|Any CPU
		{059E3038-6B64-4BF9-BFC5-9BBD90D0129C}.Debug|Any CPU.ActiveCfg = Debug|Any CPU
		{059E3038-6B64-4BF9-BFC5-9BBD90D0129C}.Debug|Any CPU.Build.0 = Debug|Any CPU
		{059E3038-6B64-4BF9-BFC5-9BBD90D0129C}.Debug|Any CPU.Deploy.0 = Debug|Any CPU
		{059E3038-6B64-4BF9-BFC5-9BBD90D0129C}.Release|Any CPU.ActiveCfg = Release|Any CPU
		{059E3038-6B64-4BF9-BFC5-9BBD90D0129C}.Release|Any CPU.Build.0 = Release|Any CPU
		{059E3038-6B64-4BF9-BFC5-9BBD90D0129C}.Release|Any CPU.Deploy.0 = Release|Any CPU
	EndGlobalSection
	GlobalSection(SolutionProperties) = preSolution
		HideSolutionNode = FALSE
	EndGlobalSection
	GlobalSection(ExtensibilityGlobals) = postSolution
		SolutionGuid = {35AE96E1-EA9C-4325-B6DD-9B68C190EECD}
	EndGlobalSection
EndGlobal
